
Microsoft Visual Studio Solution File, Format Version 12.00
# Visual Studio Version 16
VisualStudioVersion = 25.0.1706.7
MinimumVisualStudioVersion = 10.0.40219.1
Project("{FAE04EC0-301F-11D3-BF4B-00C04F79EFBC}") = "test", "test\test.csproj", "{C363C09C-D51E-484D-AF58-CB309853212B}"
EndProject
Global
	GlobalSection(SolutionConfigurationPlatforms) = preSolution
		Debug|Any CPU = Debug|Any CPU
		Release|Any CPU = Release|Any CPU
	EndGlobalSection
	GlobalSection(ProjectConfigurationPlatforms) = postSolution
		{C363C09C-D51E-484D-AF58-CB309853212B}.Debug|Any CPU.ActiveCfg = Debug|Any CPU
		{C363C09C-D51E-484D-AF58-CB309853212B}.Debug|Any CPU.Build.0 = Debug|Any CPU
		{C363C09C-D51E-484D-AF58-CB309853212B}.Release|Any CPU.ActiveCfg = Release|Any CPU
		{C363C09C-D51E-484D-AF58-CB309853212B}.Release|Any CPU.Build.0 = Release|Any CPU
	EndGlobalSection
	GlobalSection(SolutionProperties) = preSolution
		HideSolutionNode = FALSE
	EndGlobalSection
	GlobalSection(ExtensibilityGlobals) = postSolution
		SolutionGuid = {63A6708D-6602-41C4-8D17-ABA43E993FBB}
	EndGlobalSection
EndGlobal
